// !$*UTF8*$!
{
	archiveVersion = 1;
	classes = {
	};
	objectVersion = 56;
	objects = {

/* Begin PBXBuildFile section */
		1FC66BC3FAD0BAE7FFAE2C78 /* Pods_Habit.framework in Frameworks */ = {isa = PBXBuildFile; fileRef = 41987B63113C7EFE49F23286 /* Pods_Habit.framework */; };
		8025E5FB29F1BF4600666630 /* WebService.swift in Sources */ = {isa = PBXBuildFile; fileRef = 8025E5FA29F1BF4600666630 /* WebService.swift */; };
		8025E5FD29F6BFD300666630 /* SignUpRequest.swift in Sources */ = {isa = PBXBuildFile; fileRef = 8025E5FC29F6BFD300666630 /* SignUpRequest.swift */; };
		802743B02A03E48700C2EDE9 /* SignInInteractor.swift in Sources */ = {isa = PBXBuildFile; fileRef = 802743AF2A03E48700C2EDE9 /* SignInInteractor.swift */; };
		802743B22A03E8B200C2EDE9 /* SignInRemoteDataSource.swift in Sources */ = {isa = PBXBuildFile; fileRef = 802743B12A03E8B200C2EDE9 /* SignInRemoteDataSource.swift */; };
		802743B42A04336600C2EDE9 /* AppError.swift in Sources */ = {isa = PBXBuildFile; fileRef = 802743B32A04336500C2EDE9 /* AppError.swift */; };
		802743B62A05703100C2EDE9 /* SignUpResponse.swift in Sources */ = {isa = PBXBuildFile; fileRef = 802743B52A05703100C2EDE9 /* SignUpResponse.swift */; };
		802743B92A05874000C2EDE9 /* SignUpInteractor.swift in Sources */ = {isa = PBXBuildFile; fileRef = 802743B82A05874000C2EDE9 /* SignUpInteractor.swift */; };
		802743BB2A05884D00C2EDE9 /* SignUpRemoteDataSource.swift in Sources */ = {isa = PBXBuildFile; fileRef = 802743BA2A05884D00C2EDE9 /* SignUpRemoteDataSource.swift */; };
		802743BD2A09265C00C2EDE9 /* UserAuth.swift in Sources */ = {isa = PBXBuildFile; fileRef = 802743BC2A09265C00C2EDE9 /* UserAuth.swift */; };
		802743BF2A09283300C2EDE9 /* LocalDataSource.swift in Sources */ = {isa = PBXBuildFile; fileRef = 802743BE2A09283300C2EDE9 /* LocalDataSource.swift */; };
		802743C22A09842400C2EDE9 /* SplashInteractor.swift in Sources */ = {isa = PBXBuildFile; fileRef = 802743C12A09842400C2EDE9 /* SplashInteractor.swift */; };
		802743C42A0A800600C2EDE9 /* RefreshRequest.swift in Sources */ = {isa = PBXBuildFile; fileRef = 802743C32A0A800600C2EDE9 /* RefreshRequest.swift */; };
		802743C62A0A873F00C2EDE9 /* SplashRemoteDataSource.swift in Sources */ = {isa = PBXBuildFile; fileRef = 802743C52A0A873E00C2EDE9 /* SplashRemoteDataSource.swift */; };
		802743C82A0BD42700C2EDE9 /* HomeViewRouter.swift in Sources */ = {isa = PBXBuildFile; fileRef = 802743C72A0BD42700C2EDE9 /* HomeViewRouter.swift */; };
		802743CE2A0BD51300C2EDE9 /* HabitView.swift in Sources */ = {isa = PBXBuildFile; fileRef = 802743CD2A0BD51300C2EDE9 /* HabitView.swift */; };
		802743D02A0BD56F00C2EDE9 /* HabitViewModel.swift in Sources */ = {isa = PBXBuildFile; fileRef = 802743CF2A0BD56F00C2EDE9 /* HabitViewModel.swift */; };
		802743D22A0BD77C00C2EDE9 /* HabitUIState.swift in Sources */ = {isa = PBXBuildFile; fileRef = 802743D12A0BD77C00C2EDE9 /* HabitUIState.swift */; };
		802743D52A0D294200C2EDE9 /* ButtonStyle.swift in Sources */ = {isa = PBXBuildFile; fileRef = 802743D42A0D294200C2EDE9 /* ButtonStyle.swift */; };
		802743D72A0D5E3300C2EDE9 /* HabitCardViewModel.swift in Sources */ = {isa = PBXBuildFile; fileRef = 802743D62A0D5E3300C2EDE9 /* HabitCardViewModel.swift */; };
		802743D92A0D60A100C2EDE9 /* HabitCardView.swift in Sources */ = {isa = PBXBuildFile; fileRef = 802743D82A0D60A100C2EDE9 /* HabitCardView.swift */; };
		8028AF4C2A33A5D200767CDD /* HabitValueResponse.swift in Sources */ = {isa = PBXBuildFile; fileRef = 8028AF4B2A33A5D200767CDD /* HabitValueResponse.swift */; };
		8028AF4F2A33A7A200767CDD /* ChartRemoteDataSource.swift in Sources */ = {isa = PBXBuildFile; fileRef = 8028AF4E2A33A7A200767CDD /* ChartRemoteDataSource.swift */; };
		8028AF512A33ADD500767CDD /* ChartInteractor.swift in Sources */ = {isa = PBXBuildFile; fileRef = 8028AF502A33ADD500767CDD /* ChartInteractor.swift */; };
		8028AF532A33AF3700767CDD /* ChartUIState.swift in Sources */ = {isa = PBXBuildFile; fileRef = 8028AF522A33AF3700767CDD /* ChartUIState.swift */; };
		803B0C0329ED841C001D3762 /* String+Extension.swift in Sources */ = {isa = PBXBuildFile; fileRef = 803B0C0229ED841C001D3762 /* String+Extension.swift */; };
		803B0C0529ED8922001D3762 /* LoadingButtonView.swift in Sources */ = {isa = PBXBuildFile; fileRef = 803B0C0429ED8922001D3762 /* LoadingButtonView.swift */; };
		80740C922A126A3600347DFC /* HabitResponse.swift in Sources */ = {isa = PBXBuildFile; fileRef = 80740C912A126A3600347DFC /* HabitResponse.swift */; };
		80740C952A126E5700347DFC /* HabitRemoteDataSource.swift in Sources */ = {isa = PBXBuildFile; fileRef = 80740C942A126E5700347DFC /* HabitRemoteDataSource.swift */; };
		80740C972A12A6FF00347DFC /* HabitInteractor.swift in Sources */ = {isa = PBXBuildFile; fileRef = 80740C962A12A6FF00347DFC /* HabitInteractor.swift */; };
		80740C992A12B4F600347DFC /* Date + Extension.swift in Sources */ = {isa = PBXBuildFile; fileRef = 80740C982A12B4F600347DFC /* Date + Extension.swift */; };
		80740C9F2A12E9C600347DFC /* HabitDetailUIState.swift in Sources */ = {isa = PBXBuildFile; fileRef = 80740C9E2A12E9C600347DFC /* HabitDetailUIState.swift */; };
		80740CA12A12EA9900347DFC /* HabitDetailViewModel.swift in Sources */ = {isa = PBXBuildFile; fileRef = 80740CA02A12EA9900347DFC /* HabitDetailViewModel.swift */; };
		80740CA32A12EC3E00347DFC /* HabitDetailView.swift in Sources */ = {isa = PBXBuildFile; fileRef = 80740CA22A12EC3E00347DFC /* HabitDetailView.swift */; };
		80740CA62A13C70C00347DFC /* HabitCardViewRouter.swift in Sources */ = {isa = PBXBuildFile; fileRef = 80740CA52A13C70B00347DFC /* HabitCardViewRouter.swift */; };
		80740CA82A1403D800347DFC /* HabitValueRequest.swift in Sources */ = {isa = PBXBuildFile; fileRef = 80740CA72A1403D800347DFC /* HabitValueRequest.swift */; };
		80740CAB2A14048C00347DFC /* HabitDetailRemoteDataSource.swift in Sources */ = {isa = PBXBuildFile; fileRef = 80740CAA2A14048C00347DFC /* HabitDetailRemoteDataSource.swift */; };
		80740CAD2A14081500347DFC /* HabitDetailInteractor.swift in Sources */ = {isa = PBXBuildFile; fileRef = 80740CAC2A14081500347DFC /* HabitDetailInteractor.swift */; };
		80740CAF2A17BA8900347DFC /* ImageView.swift in Sources */ = {isa = PBXBuildFile; fileRef = 80740CAE2A17BA8900347DFC /* ImageView.swift */; };
		80740CB52A1CECDA00347DFC /* ProfileView.swift in Sources */ = {isa = PBXBuildFile; fileRef = 80740CB42A1CECDA00347DFC /* ProfileView.swift */; };
		80740CB72A1D041D00347DFC /* GenderSelectorView.swift in Sources */ = {isa = PBXBuildFile; fileRef = 80740CB62A1D041D00347DFC /* GenderSelectorView.swift */; };
		80740CB92A1E3B2200347DFC /* ProfileViewModel.swift in Sources */ = {isa = PBXBuildFile; fileRef = 80740CB82A1E3B2200347DFC /* ProfileViewModel.swift */; };
		80740CBB2A24E61D00347DFC /* ProfileResponse.swift in Sources */ = {isa = PBXBuildFile; fileRef = 80740CBA2A24E61D00347DFC /* ProfileResponse.swift */; };
		80740CBE2A24E72000347DFC /* ProfileRemoteDataSource.swift in Sources */ = {isa = PBXBuildFile; fileRef = 80740CBD2A24E72000347DFC /* ProfileRemoteDataSource.swift */; };
		80740CC02A24E96800347DFC /* ProfileInteractor.swift in Sources */ = {isa = PBXBuildFile; fileRef = 80740CBF2A24E96800347DFC /* ProfileInteractor.swift */; };
		80740CC22A24EAF400347DFC /* ProfileUIState.swift in Sources */ = {isa = PBXBuildFile; fileRef = 80740CC12A24EAF400347DFC /* ProfileUIState.swift */; };
		80740CC42A2511F300347DFC /* ProfileRequest.swift in Sources */ = {isa = PBXBuildFile; fileRef = 80740CC32A2511F300347DFC /* ProfileRequest.swift */; };
		80740CCA2A262A0200347DFC /* ChartView.swift in Sources */ = {isa = PBXBuildFile; fileRef = 80740CC92A262A0200347DFC /* ChartView.swift */; };
		8079FD5129DB5B81002D26ED /* HabitApp.swift in Sources */ = {isa = PBXBuildFile; fileRef = 8079FD5029DB5B81002D26ED /* HabitApp.swift */; };
		8079FD5529DB5B83002D26ED /* Assets.xcassets in Resources */ = {isa = PBXBuildFile; fileRef = 8079FD5429DB5B83002D26ED /* Assets.xcassets */; };
		8079FD5829DB5B83002D26ED /* Preview Assets.xcassets in Resources */ = {isa = PBXBuildFile; fileRef = 8079FD5729DB5B83002D26ED /* Preview Assets.xcassets */; };
		8079FD6229DB5DCE002D26ED /* SplashView.swift in Sources */ = {isa = PBXBuildFile; fileRef = 8079FD6129DB5DCE002D26ED /* SplashView.swift */; };
		8079FD6429DB60CA002D26ED /* SplashUIState.swift in Sources */ = {isa = PBXBuildFile; fileRef = 8079FD6329DB60CA002D26ED /* SplashUIState.swift */; };
		8079FD6729DC8F78002D26ED /* SplashViewModel.swift in Sources */ = {isa = PBXBuildFile; fileRef = 8079FD6629DC8F78002D26ED /* SplashViewModel.swift */; };
		8079FD6E29DF2181002D26ED /* SignInView.swift in Sources */ = {isa = PBXBuildFile; fileRef = 8079FD6D29DF2181002D26ED /* SignInView.swift */; };
		8079FD7029DF22BC002D26ED /* SignInViewModel.swift in Sources */ = {isa = PBXBuildFile; fileRef = 8079FD6F29DF22BC002D26ED /* SignInViewModel.swift */; };
		8079FD7229DF286C002D26ED /* SplashViewRouter.swift in Sources */ = {isa = PBXBuildFile; fileRef = 8079FD7129DF286C002D26ED /* SplashViewRouter.swift */; };
		80B9CB152A019B7600728B1E /* ErrorResponse.swift in Sources */ = {isa = PBXBuildFile; fileRef = 80B9CB142A019B7600728B1E /* ErrorResponse.swift */; };
		80B9CB172A02B2A200728B1E /* SignInRequest.swift in Sources */ = {isa = PBXBuildFile; fileRef = 80B9CB162A02B2A200728B1E /* SignInRequest.swift */; };
		80B9CB192A02BD1400728B1E /* SignInResponse.swift in Sources */ = {isa = PBXBuildFile; fileRef = 80B9CB182A02BD1400728B1E /* SignInResponse.swift */; };
		80B9CB1B2A02E91A00728B1E /* SignInErrorResponse.swift in Sources */ = {isa = PBXBuildFile; fileRef = 80B9CB1A2A02E91A00728B1E /* SignInErrorResponse.swift */; };
		80F0140029E58E6B00D25387 /* SignInUIState.swift in Sources */ = {isa = PBXBuildFile; fileRef = 80F013FF29E58E6B00D25387 /* SignInUIState.swift */; };
		80F0140229E5A43700D25387 /* SignInViewRouter.swift in Sources */ = {isa = PBXBuildFile; fileRef = 80F0140129E5A43700D25387 /* SignInViewRouter.swift */; };
		80F0140829E5A58600D25387 /* HomeView.swift in Sources */ = {isa = PBXBuildFile; fileRef = 80F0140729E5A58600D25387 /* HomeView.swift */; };
		80F0140A29E5A5C100D25387 /* HomeViewModel.swift in Sources */ = {isa = PBXBuildFile; fileRef = 80F0140929E5A5C100D25387 /* HomeViewModel.swift */; };
		80F0141029E5CF3800D25387 /* SignUpView.swift in Sources */ = {isa = PBXBuildFile; fileRef = 80F0140F29E5CF3800D25387 /* SignUpView.swift */; };
		80F0141429E6055700D25387 /* Gender.swift in Sources */ = {isa = PBXBuildFile; fileRef = 80F0141329E6055700D25387 /* Gender.swift */; };
		80F0141629E6DFAC00D25387 /* SignUpUIState.swift in Sources */ = {isa = PBXBuildFile; fileRef = 80F0141529E6DFAC00D25387 /* SignUpUIState.swift */; };
		80F0141829E6E08B00D25387 /* SignUpViewModel.swift in Sources */ = {isa = PBXBuildFile; fileRef = 80F0141729E6E08B00D25387 /* SignUpViewModel.swift */; };
		80F0141A29E6E52E00D25387 /* SignUpViewRouter.swift in Sources */ = {isa = PBXBuildFile; fileRef = 80F0141929E6E52E00D25387 /* SignUpViewRouter.swift */; };
		80F0141D29E83F5300D25387 /* EditTextView.swift in Sources */ = {isa = PBXBuildFile; fileRef = 80F0141C29E83F5300D25387 /* EditTextView.swift */; };
		80F0142029E88BC900D25387 /* CustomTextFieldStyle.swift in Sources */ = {isa = PBXBuildFile; fileRef = 80F0141F29E88BC900D25387 /* CustomTextFieldStyle.swift */; };
		80F2481E2A27926C0070CC87 /* ChartViewModel.swift in Sources */ = {isa = PBXBuildFile; fileRef = 80F2481D2A27926C0070CC87 /* ChartViewModel.swift */; };
		80F248202A2794B40070CC87 /* BoxChartView.swift in Sources */ = {isa = PBXBuildFile; fileRef = 80F2481F2A2794B40070CC87 /* BoxChartView.swift */; };
		80F93A3F2A389BC800221AC7 /* HabitCreateView.swift in Sources */ = {isa = PBXBuildFile; fileRef = 80F93A3E2A389BC800221AC7 /* HabitCreateView.swift */; };
		80F93A412A38A1F700221AC7 /* HabitCreateViewModel.swift in Sources */ = {isa = PBXBuildFile; fileRef = 80F93A402A38A1F700221AC7 /* HabitCreateViewModel.swift */; };
		80F93A432A38B1C500221AC7 /* HabitViewRouter.swift in Sources */ = {isa = PBXBuildFile; fileRef = 80F93A422A38B1C500221AC7 /* HabitViewRouter.swift */; };
		80F93A452A3A053300221AC7 /* ImagePickerView.swift in Sources */ = {isa = PBXBuildFile; fileRef = 80F93A442A3A053300221AC7 /* ImagePickerView.swift */; };
		80F93A472A3B939D00221AC7 /* HabitCreateRequest.swift in Sources */ = {isa = PBXBuildFile; fileRef = 80F93A462A3B939D00221AC7 /* HabitCreateRequest.swift */; };
		80F93A4A2A3B948100221AC7 /* HabitCreateRemoteDataSource.swift in Sources */ = {isa = PBXBuildFile; fileRef = 80F93A492A3B948100221AC7 /* HabitCreateRemoteDataSource.swift */; };
		80F93A4C2A3B964D00221AC7 /* HabitCreateInteractor.swift in Sources */ = {isa = PBXBuildFile; fileRef = 80F93A4B2A3B964D00221AC7 /* HabitCreateInteractor.swift */; };
		80F93A512A45E77000221AC7 /* Mask.swift in Sources */ = {isa = PBXBuildFile; fileRef = 80F93A502A45E77000221AC7 /* Mask.swift */; };
		80F93A532A49C6CE00221AC7 /* ProfileEditTextView.swift in Sources */ = {isa = PBXBuildFile; fileRef = 80F93A522A49C6CE00221AC7 /* ProfileEditTextView.swift */; };
/* End PBXBuildFile section */

/* Begin PBXFileReference section */
		0098CEE44BD0616708935D17 /* Pods-Habit.debug.xcconfig */ = {isa = PBXFileReference; includeInIndex = 1; lastKnownFileType = text.xcconfig; name = "Pods-Habit.debug.xcconfig"; path = "Target Support Files/Pods-Habit/Pods-Habit.debug.xcconfig"; sourceTree = "<group>"; };
		41987B63113C7EFE49F23286 /* Pods_Habit.framework */ = {isa = PBXFileReference; explicitFileType = wrapper.framework; includeInIndex = 0; path = Pods_Habit.framework; sourceTree = BUILT_PRODUCTS_DIR; };
		8025E5FA29F1BF4600666630 /* WebService.swift */ = {isa = PBXFileReference; lastKnownFileType = sourcecode.swift; path = WebService.swift; sourceTree = "<group>"; };
		8025E5FC29F6BFD300666630 /* SignUpRequest.swift */ = {isa = PBXFileReference; lastKnownFileType = sourcecode.swift; path = SignUpRequest.swift; sourceTree = "<group>"; };
		802743AF2A03E48700C2EDE9 /* SignInInteractor.swift */ = {isa = PBXFileReference; lastKnownFileType = sourcecode.swift; path = SignInInteractor.swift; sourceTree = "<group>"; };
		802743B12A03E8B200C2EDE9 /* SignInRemoteDataSource.swift */ = {isa = PBXFileReference; lastKnownFileType = sourcecode.swift; path = SignInRemoteDataSource.swift; sourceTree = "<group>"; };
		802743B32A04336500C2EDE9 /* AppError.swift */ = {isa = PBXFileReference; lastKnownFileType = sourcecode.swift; path = AppError.swift; sourceTree = "<group>"; };
		802743B52A05703100C2EDE9 /* SignUpResponse.swift */ = {isa = PBXFileReference; lastKnownFileType = sourcecode.swift; path = SignUpResponse.swift; sourceTree = "<group>"; };
		802743B82A05874000C2EDE9 /* SignUpInteractor.swift */ = {isa = PBXFileReference; lastKnownFileType = sourcecode.swift; path = SignUpInteractor.swift; sourceTree = "<group>"; };
		802743BA2A05884D00C2EDE9 /* SignUpRemoteDataSource.swift */ = {isa = PBXFileReference; lastKnownFileType = sourcecode.swift; path = SignUpRemoteDataSource.swift; sourceTree = "<group>"; };
		802743BC2A09265C00C2EDE9 /* UserAuth.swift */ = {isa = PBXFileReference; lastKnownFileType = sourcecode.swift; path = UserAuth.swift; sourceTree = "<group>"; };
		802743BE2A09283300C2EDE9 /* LocalDataSource.swift */ = {isa = PBXFileReference; lastKnownFileType = sourcecode.swift; path = LocalDataSource.swift; sourceTree = "<group>"; };
		802743C12A09842400C2EDE9 /* SplashInteractor.swift */ = {isa = PBXFileReference; lastKnownFileType = sourcecode.swift; path = SplashInteractor.swift; sourceTree = "<group>"; };
		802743C32A0A800600C2EDE9 /* RefreshRequest.swift */ = {isa = PBXFileReference; lastKnownFileType = sourcecode.swift; path = RefreshRequest.swift; sourceTree = "<group>"; };
		802743C52A0A873E00C2EDE9 /* SplashRemoteDataSource.swift */ = {isa = PBXFileReference; lastKnownFileType = sourcecode.swift; path = SplashRemoteDataSource.swift; sourceTree = "<group>"; };
		802743C72A0BD42700C2EDE9 /* HomeViewRouter.swift */ = {isa = PBXFileReference; lastKnownFileType = sourcecode.swift; path = HomeViewRouter.swift; sourceTree = "<group>"; };
		802743CD2A0BD51300C2EDE9 /* HabitView.swift */ = {isa = PBXFileReference; lastKnownFileType = sourcecode.swift; path = HabitView.swift; sourceTree = "<group>"; };
		802743CF2A0BD56F00C2EDE9 /* HabitViewModel.swift */ = {isa = PBXFileReference; lastKnownFileType = sourcecode.swift; path = HabitViewModel.swift; sourceTree = "<group>"; };
		802743D12A0BD77C00C2EDE9 /* HabitUIState.swift */ = {isa = PBXFileReference; lastKnownFileType = sourcecode.swift; path = HabitUIState.swift; sourceTree = "<group>"; };
		802743D42A0D294200C2EDE9 /* ButtonStyle.swift */ = {isa = PBXFileReference; lastKnownFileType = sourcecode.swift; path = ButtonStyle.swift; sourceTree = "<group>"; };
		802743D62A0D5E3300C2EDE9 /* HabitCardViewModel.swift */ = {isa = PBXFileReference; lastKnownFileType = sourcecode.swift; path = HabitCardViewModel.swift; sourceTree = "<group>"; };
		802743D82A0D60A100C2EDE9 /* HabitCardView.swift */ = {isa = PBXFileReference; lastKnownFileType = sourcecode.swift; path = HabitCardView.swift; sourceTree = "<group>"; };
		8028AF4B2A33A5D200767CDD /* HabitValueResponse.swift */ = {isa = PBXFileReference; lastKnownFileType = sourcecode.swift; path = HabitValueResponse.swift; sourceTree = "<group>"; };
		8028AF4E2A33A7A200767CDD /* ChartRemoteDataSource.swift */ = {isa = PBXFileReference; lastKnownFileType = sourcecode.swift; path = ChartRemoteDataSource.swift; sourceTree = "<group>"; };
		8028AF502A33ADD500767CDD /* ChartInteractor.swift */ = {isa = PBXFileReference; lastKnownFileType = sourcecode.swift; path = ChartInteractor.swift; sourceTree = "<group>"; };
		8028AF522A33AF3700767CDD /* ChartUIState.swift */ = {isa = PBXFileReference; lastKnownFileType = sourcecode.swift; path = ChartUIState.swift; sourceTree = "<group>"; };
		803B0C0229ED841C001D3762 /* String+Extension.swift */ = {isa = PBXFileReference; lastKnownFileType = sourcecode.swift; path = "String+Extension.swift"; sourceTree = "<group>"; };
		803B0C0429ED8922001D3762 /* LoadingButtonView.swift */ = {isa = PBXFileReference; lastKnownFileType = sourcecode.swift; path = LoadingButtonView.swift; sourceTree = "<group>"; };
		80740C912A126A3600347DFC /* HabitResponse.swift */ = {isa = PBXFileReference; lastKnownFileType = sourcecode.swift; path = HabitResponse.swift; sourceTree = "<group>"; };
		80740C942A126E5700347DFC /* HabitRemoteDataSource.swift */ = {isa = PBXFileReference; lastKnownFileType = sourcecode.swift; path = HabitRemoteDataSource.swift; sourceTree = "<group>"; };
		80740C962A12A6FF00347DFC /* HabitInteractor.swift */ = {isa = PBXFileReference; lastKnownFileType = sourcecode.swift; path = HabitInteractor.swift; sourceTree = "<group>"; };
		80740C982A12B4F600347DFC /* Date + Extension.swift */ = {isa = PBXFileReference; lastKnownFileType = sourcecode.swift; path = "Date + Extension.swift"; sourceTree = "<group>"; };
		80740C9E2A12E9C600347DFC /* HabitDetailUIState.swift */ = {isa = PBXFileReference; lastKnownFileType = sourcecode.swift; path = HabitDetailUIState.swift; sourceTree = "<group>"; };
		80740CA02A12EA9900347DFC /* HabitDetailViewModel.swift */ = {isa = PBXFileReference; lastKnownFileType = sourcecode.swift; path = HabitDetailViewModel.swift; sourceTree = "<group>"; };
		80740CA22A12EC3E00347DFC /* HabitDetailView.swift */ = {isa = PBXFileReference; lastKnownFileType = sourcecode.swift; path = HabitDetailView.swift; sourceTree = "<group>"; };
		80740CA52A13C70B00347DFC /* HabitCardViewRouter.swift */ = {isa = PBXFileReference; lastKnownFileType = sourcecode.swift; path = HabitCardViewRouter.swift; sourceTree = "<group>"; };
		80740CA72A1403D800347DFC /* HabitValueRequest.swift */ = {isa = PBXFileReference; lastKnownFileType = sourcecode.swift; path = HabitValueRequest.swift; sourceTree = "<group>"; };
		80740CAA2A14048C00347DFC /* HabitDetailRemoteDataSource.swift */ = {isa = PBXFileReference; lastKnownFileType = sourcecode.swift; path = HabitDetailRemoteDataSource.swift; sourceTree = "<group>"; };
		80740CAC2A14081500347DFC /* HabitDetailInteractor.swift */ = {isa = PBXFileReference; lastKnownFileType = sourcecode.swift; path = HabitDetailInteractor.swift; sourceTree = "<group>"; };
		80740CAE2A17BA8900347DFC /* ImageView.swift */ = {isa = PBXFileReference; lastKnownFileType = sourcecode.swift; path = ImageView.swift; sourceTree = "<group>"; };
		80740CB42A1CECDA00347DFC /* ProfileView.swift */ = {isa = PBXFileReference; lastKnownFileType = sourcecode.swift; path = ProfileView.swift; sourceTree = "<group>"; };
		80740CB62A1D041D00347DFC /* GenderSelectorView.swift */ = {isa = PBXFileReference; lastKnownFileType = sourcecode.swift; path = GenderSelectorView.swift; sourceTree = "<group>"; };
		80740CB82A1E3B2200347DFC /* ProfileViewModel.swift */ = {isa = PBXFileReference; lastKnownFileType = sourcecode.swift; path = ProfileViewModel.swift; sourceTree = "<group>"; };
		80740CBA2A24E61D00347DFC /* ProfileResponse.swift */ = {isa = PBXFileReference; lastKnownFileType = sourcecode.swift; path = ProfileResponse.swift; sourceTree = "<group>"; };
		80740CBD2A24E72000347DFC /* ProfileRemoteDataSource.swift */ = {isa = PBXFileReference; lastKnownFileType = sourcecode.swift; path = ProfileRemoteDataSource.swift; sourceTree = "<group>"; };
		80740CBF2A24E96800347DFC /* ProfileInteractor.swift */ = {isa = PBXFileReference; lastKnownFileType = sourcecode.swift; path = ProfileInteractor.swift; sourceTree = "<group>"; };
		80740CC12A24EAF400347DFC /* ProfileUIState.swift */ = {isa = PBXFileReference; lastKnownFileType = sourcecode.swift; path = ProfileUIState.swift; sourceTree = "<group>"; };
		80740CC32A2511F300347DFC /* ProfileRequest.swift */ = {isa = PBXFileReference; lastKnownFileType = sourcecode.swift; path = ProfileRequest.swift; sourceTree = "<group>"; };
		80740CC92A262A0200347DFC /* ChartView.swift */ = {isa = PBXFileReference; lastKnownFileType = sourcecode.swift; path = ChartView.swift; sourceTree = "<group>"; };
		8079FD4D29DB5B81002D26ED /* Habit.app */ = {isa = PBXFileReference; explicitFileType = wrapper.application; includeInIndex = 0; path = Habit.app; sourceTree = BUILT_PRODUCTS_DIR; };
		8079FD5029DB5B81002D26ED /* HabitApp.swift */ = {isa = PBXFileReference; lastKnownFileType = sourcecode.swift; path = HabitApp.swift; sourceTree = "<group>"; };
		8079FD5429DB5B83002D26ED /* Assets.xcassets */ = {isa = PBXFileReference; lastKnownFileType = folder.assetcatalog; path = Assets.xcassets; sourceTree = "<group>"; };
		8079FD5729DB5B83002D26ED /* Preview Assets.xcassets */ = {isa = PBXFileReference; lastKnownFileType = folder.assetcatalog; path = "Preview Assets.xcassets"; sourceTree = "<group>"; };
		8079FD6129DB5DCE002D26ED /* SplashView.swift */ = {isa = PBXFileReference; lastKnownFileType = sourcecode.swift; path = SplashView.swift; sourceTree = "<group>"; };
		8079FD6329DB60CA002D26ED /* SplashUIState.swift */ = {isa = PBXFileReference; lastKnownFileType = sourcecode.swift; path = SplashUIState.swift; sourceTree = "<group>"; };
		8079FD6629DC8F78002D26ED /* SplashViewModel.swift */ = {isa = PBXFileReference; lastKnownFileType = sourcecode.swift; path = SplashViewModel.swift; sourceTree = "<group>"; };
		8079FD6D29DF2181002D26ED /* SignInView.swift */ = {isa = PBXFileReference; lastKnownFileType = sourcecode.swift; path = SignInView.swift; sourceTree = "<group>"; };
		8079FD6F29DF22BC002D26ED /* SignInViewModel.swift */ = {isa = PBXFileReference; lastKnownFileType = sourcecode.swift; path = SignInViewModel.swift; sourceTree = "<group>"; };
		8079FD7129DF286C002D26ED /* SplashViewRouter.swift */ = {isa = PBXFileReference; lastKnownFileType = sourcecode.swift; path = SplashViewRouter.swift; sourceTree = "<group>"; };
		80B9CB142A019B7600728B1E /* ErrorResponse.swift */ = {isa = PBXFileReference; lastKnownFileType = sourcecode.swift; path = ErrorResponse.swift; sourceTree = "<group>"; };
		80B9CB162A02B2A200728B1E /* SignInRequest.swift */ = {isa = PBXFileReference; lastKnownFileType = sourcecode.swift; path = SignInRequest.swift; sourceTree = "<group>"; };
		80B9CB182A02BD1400728B1E /* SignInResponse.swift */ = {isa = PBXFileReference; lastKnownFileType = sourcecode.swift; path = SignInResponse.swift; sourceTree = "<group>"; };
		80B9CB1A2A02E91A00728B1E /* SignInErrorResponse.swift */ = {isa = PBXFileReference; lastKnownFileType = sourcecode.swift; path = SignInErrorResponse.swift; sourceTree = "<group>"; };
		80F013FF29E58E6B00D25387 /* SignInUIState.swift */ = {isa = PBXFileReference; lastKnownFileType = sourcecode.swift; path = SignInUIState.swift; sourceTree = "<group>"; };
		80F0140129E5A43700D25387 /* SignInViewRouter.swift */ = {isa = PBXFileReference; lastKnownFileType = sourcecode.swift; path = SignInViewRouter.swift; sourceTree = "<group>"; };
		80F0140729E5A58600D25387 /* HomeView.swift */ = {isa = PBXFileReference; lastKnownFileType = sourcecode.swift; path = HomeView.swift; sourceTree = "<group>"; };
		80F0140929E5A5C100D25387 /* HomeViewModel.swift */ = {isa = PBXFileReference; lastKnownFileType = sourcecode.swift; path = HomeViewModel.swift; sourceTree = "<group>"; };
		80F0140F29E5CF3800D25387 /* SignUpView.swift */ = {isa = PBXFileReference; lastKnownFileType = sourcecode.swift; path = SignUpView.swift; sourceTree = "<group>"; };
		80F0141329E6055700D25387 /* Gender.swift */ = {isa = PBXFileReference; lastKnownFileType = sourcecode.swift; path = Gender.swift; sourceTree = "<group>"; };
		80F0141529E6DFAC00D25387 /* SignUpUIState.swift */ = {isa = PBXFileReference; lastKnownFileType = sourcecode.swift; path = SignUpUIState.swift; sourceTree = "<group>"; };
		80F0141729E6E08B00D25387 /* SignUpViewModel.swift */ = {isa = PBXFileReference; lastKnownFileType = sourcecode.swift; path = SignUpViewModel.swift; sourceTree = "<group>"; };
		80F0141929E6E52E00D25387 /* SignUpViewRouter.swift */ = {isa = PBXFileReference; lastKnownFileType = sourcecode.swift; path = SignUpViewRouter.swift; sourceTree = "<group>"; };
		80F0141C29E83F5300D25387 /* EditTextView.swift */ = {isa = PBXFileReference; lastKnownFileType = sourcecode.swift; path = EditTextView.swift; sourceTree = "<group>"; };
		80F0141F29E88BC900D25387 /* CustomTextFieldStyle.swift */ = {isa = PBXFileReference; lastKnownFileType = sourcecode.swift; path = CustomTextFieldStyle.swift; sourceTree = "<group>"; };
		80F2481D2A27926C0070CC87 /* ChartViewModel.swift */ = {isa = PBXFileReference; lastKnownFileType = sourcecode.swift; path = ChartViewModel.swift; sourceTree = "<group>"; };
		80F2481F2A2794B40070CC87 /* BoxChartView.swift */ = {isa = PBXFileReference; lastKnownFileType = sourcecode.swift; path = BoxChartView.swift; sourceTree = "<group>"; };
		80F93A3E2A389BC800221AC7 /* HabitCreateView.swift */ = {isa = PBXFileReference; lastKnownFileType = sourcecode.swift; path = HabitCreateView.swift; sourceTree = "<group>"; };
		80F93A402A38A1F700221AC7 /* HabitCreateViewModel.swift */ = {isa = PBXFileReference; lastKnownFileType = sourcecode.swift; path = HabitCreateViewModel.swift; sourceTree = "<group>"; };
		80F93A422A38B1C500221AC7 /* HabitViewRouter.swift */ = {isa = PBXFileReference; lastKnownFileType = sourcecode.swift; path = HabitViewRouter.swift; sourceTree = "<group>"; };
		80F93A442A3A053300221AC7 /* ImagePickerView.swift */ = {isa = PBXFileReference; lastKnownFileType = sourcecode.swift; path = ImagePickerView.swift; sourceTree = "<group>"; };
		80F93A462A3B939D00221AC7 /* HabitCreateRequest.swift */ = {isa = PBXFileReference; lastKnownFileType = sourcecode.swift; path = HabitCreateRequest.swift; sourceTree = "<group>"; };
		80F93A492A3B948100221AC7 /* HabitCreateRemoteDataSource.swift */ = {isa = PBXFileReference; lastKnownFileType = sourcecode.swift; path = HabitCreateRemoteDataSource.swift; sourceTree = "<group>"; };
		80F93A4B2A3B964D00221AC7 /* HabitCreateInteractor.swift */ = {isa = PBXFileReference; lastKnownFileType = sourcecode.swift; path = HabitCreateInteractor.swift; sourceTree = "<group>"; };
		80F93A502A45E77000221AC7 /* Mask.swift */ = {isa = PBXFileReference; lastKnownFileType = sourcecode.swift; path = Mask.swift; sourceTree = "<group>"; };
		80F93A522A49C6CE00221AC7 /* ProfileEditTextView.swift */ = {isa = PBXFileReference; lastKnownFileType = sourcecode.swift; path = ProfileEditTextView.swift; sourceTree = "<group>"; };
		80F93A542A4A658C00221AC7 /* Info.plist */ = {isa = PBXFileReference; lastKnownFileType = text.plist; path = Info.plist; sourceTree = "<group>"; };
		FC038357DCC7CAC8F1AAAC82 /* Pods-Habit.release.xcconfig */ = {isa = PBXFileReference; includeInIndex = 1; lastKnownFileType = text.xcconfig; name = "Pods-Habit.release.xcconfig"; path = "Target Support Files/Pods-Habit/Pods-Habit.release.xcconfig"; sourceTree = "<group>"; };
/* End PBXFileReference section */

/* Begin PBXFrameworksBuildPhase section */
		8079FD4A29DB5B81002D26ED /* Frameworks */ = {
			isa = PBXFrameworksBuildPhase;
			buildActionMask = 2147483647;
			files = (
				1FC66BC3FAD0BAE7FFAE2C78 /* Pods_Habit.framework in Frameworks */,
			);
			runOnlyForDeploymentPostprocessing = 0;
		};
/* End PBXFrameworksBuildPhase section */

/* Begin PBXGroup section */
		7C0B2F91B2FD75C7E1738508 /* Pods */ = {
			isa = PBXGroup;
			children = (
				0098CEE44BD0616708935D17 /* Pods-Habit.debug.xcconfig */,
				FC038357DCC7CAC8F1AAAC82 /* Pods-Habit.release.xcconfig */,
			);
			path = Pods;
			sourceTree = "<group>";
		};
		8025E5F929F1BF0300666630 /* Network */ = {
			isa = PBXGroup;
			children = (
				8025E5FA29F1BF4600666630 /* WebService.swift */,
				802743BE2A09283300C2EDE9 /* LocalDataSource.swift */,
			);
			path = Network;
			sourceTree = "<group>";
		};
		802743AE2A03E44800C2EDE9 /* interactor */ = {
			isa = PBXGroup;
			children = (
				802743B12A03E8B200C2EDE9 /* SignInRemoteDataSource.swift */,
				802743AF2A03E48700C2EDE9 /* SignInInteractor.swift */,
			);
			path = interactor;
			sourceTree = "<group>";
		};
		802743B72A05870400C2EDE9 /* Interactor */ = {
			isa = PBXGroup;
			children = (
				802743B82A05874000C2EDE9 /* SignUpInteractor.swift */,
				802743BA2A05884D00C2EDE9 /* SignUpRemoteDataSource.swift */,
			);
			path = Interactor;
			sourceTree = "<group>";
		};
		802743C02A0983E300C2EDE9 /* Interactor */ = {
			isa = PBXGroup;
			children = (
				802743C12A09842400C2EDE9 /* SplashInteractor.swift */,
				802743C52A0A873E00C2EDE9 /* SplashRemoteDataSource.swift */,
			);
			path = Interactor;
			sourceTree = "<group>";
		};
		802743C92A0BD4A400C2EDE9 /* Habit */ = {
			isa = PBXGroup;
			children = (
				80740C932A126E2600347DFC /* Interactor */,
				802743CC2A0BD4EB00C2EDE9 /* View */,
				802743CB2A0BD4DC00C2EDE9 /* ViewModel */,
				802743CA2A0BD4C200C2EDE9 /* Model */,
			);
			path = Habit;
			sourceTree = "<group>";
		};
		802743CA2A0BD4C200C2EDE9 /* Model */ = {
			isa = PBXGroup;
			children = (
				802743D12A0BD77C00C2EDE9 /* HabitUIState.swift */,
				80740C912A126A3600347DFC /* HabitResponse.swift */,
			);
			path = Model;
			sourceTree = "<group>";
		};
		802743CB2A0BD4DC00C2EDE9 /* ViewModel */ = {
			isa = PBXGroup;
			children = (
				802743CF2A0BD56F00C2EDE9 /* HabitViewModel.swift */,
				802743D62A0D5E3300C2EDE9 /* HabitCardViewModel.swift */,
				80740CA52A13C70B00347DFC /* HabitCardViewRouter.swift */,
				80F93A422A38B1C500221AC7 /* HabitViewRouter.swift */,
			);
			path = ViewModel;
			sourceTree = "<group>";
		};
		802743CC2A0BD4EB00C2EDE9 /* View */ = {
			isa = PBXGroup;
			children = (
				802743CD2A0BD51300C2EDE9 /* HabitView.swift */,
				802743D82A0D60A100C2EDE9 /* HabitCardView.swift */,
			);
			path = View;
			sourceTree = "<group>";
		};
		802743D32A0D291B00C2EDE9 /* Modifier */ = {
			isa = PBXGroup;
			children = (
				802743D42A0D294200C2EDE9 /* ButtonStyle.swift */,
			);
			path = Modifier;
			sourceTree = "<group>";
		};
		8028AF4D2A33A77400767CDD /* Interactor */ = {
			isa = PBXGroup;
			children = (
				8028AF4E2A33A7A200767CDD /* ChartRemoteDataSource.swift */,
				8028AF502A33ADD500767CDD /* ChartInteractor.swift */,
			);
			path = Interactor;
			sourceTree = "<group>";
		};
		803B0C0129ED83AF001D3762 /* Lang */ = {
			isa = PBXGroup;
			children = (
				803B0C0229ED841C001D3762 /* String+Extension.swift */,
				80740C982A12B4F600347DFC /* Date + Extension.swift */,
			);
			path = Lang;
			sourceTree = "<group>";
		};
		80740C932A126E2600347DFC /* Interactor */ = {
			isa = PBXGroup;
			children = (
				80740C942A126E5700347DFC /* HabitRemoteDataSource.swift */,
				80740C962A12A6FF00347DFC /* HabitInteractor.swift */,
			);
			path = Interactor;
			sourceTree = "<group>";
		};
		80740C9A2A12E92800347DFC /* HabitDetail */ = {
			isa = PBXGroup;
			children = (
				80740CA92A14044700347DFC /* Interactor */,
				80740C9D2A12E97F00347DFC /* ViewModel */,
				80740C9C2A12E95D00347DFC /* View */,
				80740C9B2A12E94F00347DFC /* Model */,
			);
			path = HabitDetail;
			sourceTree = "<group>";
		};
		80740C9B2A12E94F00347DFC /* Model */ = {
			isa = PBXGroup;
			children = (
				80740C9E2A12E9C600347DFC /* HabitDetailUIState.swift */,
				80740CA72A1403D800347DFC /* HabitValueRequest.swift */,
			);
			path = Model;
			sourceTree = "<group>";
		};
		80740C9C2A12E95D00347DFC /* View */ = {
			isa = PBXGroup;
			children = (
				80740CA22A12EC3E00347DFC /* HabitDetailView.swift */,
			);
			path = View;
			sourceTree = "<group>";
		};
		80740C9D2A12E97F00347DFC /* ViewModel */ = {
			isa = PBXGroup;
			children = (
				80740CA02A12EA9900347DFC /* HabitDetailViewModel.swift */,
			);
			path = ViewModel;
			sourceTree = "<group>";
		};
		80740CA92A14044700347DFC /* Interactor */ = {
			isa = PBXGroup;
			children = (
				80740CAA2A14048C00347DFC /* HabitDetailRemoteDataSource.swift */,
				80740CAC2A14081500347DFC /* HabitDetailInteractor.swift */,
			);
			path = Interactor;
			sourceTree = "<group>";
		};
		80740CB02A1CEBBF00347DFC /* Profile */ = {
			isa = PBXGroup;
			children = (
				80740CBC2A24E6F100347DFC /* Interactor */,
				80740CB32A1CEBFC00347DFC /* View */,
				80740CB22A1CEBEB00347DFC /* ViewModel */,
				80740CB12A1CEBE000347DFC /* Model */,
			);
			path = Profile;
			sourceTree = "<group>";
		};
		80740CB12A1CEBE000347DFC /* Model */ = {
			isa = PBXGroup;
			children = (
				80740CBA2A24E61D00347DFC /* ProfileResponse.swift */,
				80740CC12A24EAF400347DFC /* ProfileUIState.swift */,
				80740CC32A2511F300347DFC /* ProfileRequest.swift */,
			);
			path = Model;
			sourceTree = "<group>";
		};
		80740CB22A1CEBEB00347DFC /* ViewModel */ = {
			isa = PBXGroup;
			children = (
				80740CB82A1E3B2200347DFC /* ProfileViewModel.swift */,
			);
			path = ViewModel;
			sourceTree = "<group>";
		};
		80740CB32A1CEBFC00347DFC /* View */ = {
			isa = PBXGroup;
			children = (
				80740CB42A1CECDA00347DFC /* ProfileView.swift */,
				80740CB62A1D041D00347DFC /* GenderSelectorView.swift */,
			);
			path = View;
			sourceTree = "<group>";
		};
		80740CBC2A24E6F100347DFC /* Interactor */ = {
			isa = PBXGroup;
			children = (
				80740CBD2A24E72000347DFC /* ProfileRemoteDataSource.swift */,
				80740CBF2A24E96800347DFC /* ProfileInteractor.swift */,
			);
			path = Interactor;
			sourceTree = "<group>";
		};
		80740CC52A2628E700347DFC /* Charts */ = {
			isa = PBXGroup;
			children = (
				8028AF4D2A33A77400767CDD /* Interactor */,
				80740CC82A26291900347DFC /* View */,
				80740CC72A26290C00347DFC /* ViewModel */,
				80740CC62A26290100347DFC /* Model */,
			);
			path = Charts;
			sourceTree = "<group>";
		};
		80740CC62A26290100347DFC /* Model */ = {
			isa = PBXGroup;
			children = (
				8028AF4B2A33A5D200767CDD /* HabitValueResponse.swift */,
				8028AF522A33AF3700767CDD /* ChartUIState.swift */,
			);
			path = Model;
			sourceTree = "<group>";
		};
		80740CC72A26290C00347DFC /* ViewModel */ = {
			isa = PBXGroup;
			children = (
				80F2481D2A27926C0070CC87 /* ChartViewModel.swift */,
			);
			path = ViewModel;
			sourceTree = "<group>";
		};
		80740CC82A26291900347DFC /* View */ = {
			isa = PBXGroup;
			children = (
				80740CC92A262A0200347DFC /* ChartView.swift */,
				80F2481F2A2794B40070CC87 /* BoxChartView.swift */,
			);
			path = View;
			sourceTree = "<group>";
		};
		8079FD4429DB5B81002D26ED = {
			isa = PBXGroup;
			children = (
				8079FD4F29DB5B81002D26ED /* Habit */,
				8079FD4E29DB5B81002D26ED /* Products */,
				7C0B2F91B2FD75C7E1738508 /* Pods */,
				DF55CEA37999355180C69132 /* Frameworks */,
			);
			sourceTree = "<group>";
		};
		8079FD4E29DB5B81002D26ED /* Products */ = {
			isa = PBXGroup;
			children = (
				8079FD4D29DB5B81002D26ED /* Habit.app */,
			);
			name = Products;
			sourceTree = "<group>";
		};
		8079FD4F29DB5B81002D26ED /* Habit */ = {
			isa = PBXGroup;
			children = (
				80F93A542A4A658C00221AC7 /* Info.plist */,
				80F93A3A2A389B3F00221AC7 /* HabitCreate */,
				80740CC52A2628E700347DFC /* Charts */,
				80740CB02A1CEBBF00347DFC /* Profile */,
				80740C9A2A12E92800347DFC /* HabitDetail */,
				802743C92A0BD4A400C2EDE9 /* Habit */,
				80F0141129E6051B00D25387 /* Common */,
				80F0140B29E5CE6900D25387 /* SignUp */,
				80F0140329E5A4F600D25387 /* Home */,
				8079FD6829DEF316002D26ED /* Signin */,
				8079FD5E29DB5CE0002D26ED /* Splash */,
				8079FD5029DB5B81002D26ED /* HabitApp.swift */,
				8079FD5429DB5B83002D26ED /* Assets.xcassets */,
				8079FD5629DB5B83002D26ED /* Preview Content */,
			);
			path = Habit;
			sourceTree = "<group>";
		};
		8079FD5629DB5B83002D26ED /* Preview Content */ = {
			isa = PBXGroup;
			children = (
				8079FD5729DB5B83002D26ED /* Preview Assets.xcassets */,
			);
			path = "Preview Content";
			sourceTree = "<group>";
		};
		8079FD5E29DB5CE0002D26ED /* Splash */ = {
			isa = PBXGroup;
			children = (
				802743C02A0983E300C2EDE9 /* Interactor */,
				8079FD5F29DB5D13002D26ED /* View */,
				8079FD6529DC8F0B002D26ED /* ViewModel */,
				8079FD6029DB5D30002D26ED /* Model */,
			);
			path = Splash;
			sourceTree = "<group>";
		};
		8079FD5F29DB5D13002D26ED /* View */ = {
			isa = PBXGroup;
			children = (
				8079FD6129DB5DCE002D26ED /* SplashView.swift */,
			);
			path = View;
			sourceTree = "<group>";
		};
		8079FD6029DB5D30002D26ED /* Model */ = {
			isa = PBXGroup;
			children = (
				8079FD6329DB60CA002D26ED /* SplashUIState.swift */,
				802743C32A0A800600C2EDE9 /* RefreshRequest.swift */,
			);
			path = Model;
			sourceTree = "<group>";
		};
		8079FD6529DC8F0B002D26ED /* ViewModel */ = {
			isa = PBXGroup;
			children = (
				8079FD6629DC8F78002D26ED /* SplashViewModel.swift */,
				8079FD7129DF286C002D26ED /* SplashViewRouter.swift */,
			);
			path = ViewModel;
			sourceTree = "<group>";
		};
		8079FD6829DEF316002D26ED /* Signin */ = {
			isa = PBXGroup;
			children = (
				802743AE2A03E44800C2EDE9 /* interactor */,
				8079FD6B29DEF409002D26ED /* View */,
				8079FD6929DEF347002D26ED /* ViewModel */,
				8079FD6C29DEF70D002D26ED /* Model */,
			);
			path = Signin;
			sourceTree = "<group>";
		};
		8079FD6929DEF347002D26ED /* ViewModel */ = {
			isa = PBXGroup;
			children = (
				8079FD6F29DF22BC002D26ED /* SignInViewModel.swift */,
				80F0140129E5A43700D25387 /* SignInViewRouter.swift */,
			);
			path = ViewModel;
			sourceTree = "<group>";
		};
		8079FD6B29DEF409002D26ED /* View */ = {
			isa = PBXGroup;
			children = (
				8079FD6D29DF2181002D26ED /* SignInView.swift */,
			);
			path = View;
			sourceTree = "<group>";
		};
		8079FD6C29DEF70D002D26ED /* Model */ = {
			isa = PBXGroup;
			children = (
				80F013FF29E58E6B00D25387 /* SignInUIState.swift */,
				80B9CB162A02B2A200728B1E /* SignInRequest.swift */,
				80B9CB182A02BD1400728B1E /* SignInResponse.swift */,
				80B9CB1A2A02E91A00728B1E /* SignInErrorResponse.swift */,
			);
			path = Model;
			sourceTree = "<group>";
		};
		80F0140329E5A4F600D25387 /* Home */ = {
			isa = PBXGroup;
			children = (
				80F0140629E5A55600D25387 /* View */,
				80F0140529E5A53C00D25387 /* ViewModel */,
				80F0140429E5A51A00D25387 /* Model */,
			);
			path = Home;
			sourceTree = "<group>";
		};
		80F0140429E5A51A00D25387 /* Model */ = {
			isa = PBXGroup;
			children = (
			);
			path = Model;
			sourceTree = "<group>";
		};
		80F0140529E5A53C00D25387 /* ViewModel */ = {
			isa = PBXGroup;
			children = (
				80F0140929E5A5C100D25387 /* HomeViewModel.swift */,
				802743C72A0BD42700C2EDE9 /* HomeViewRouter.swift */,
			);
			path = ViewModel;
			sourceTree = "<group>";
		};
		80F0140629E5A55600D25387 /* View */ = {
			isa = PBXGroup;
			children = (
				80F0140729E5A58600D25387 /* HomeView.swift */,
			);
			path = View;
			sourceTree = "<group>";
		};
		80F0140B29E5CE6900D25387 /* SignUp */ = {
			isa = PBXGroup;
			children = (
				802743B72A05870400C2EDE9 /* Interactor */,
				80F0140E29E5CEE400D25387 /* View */,
				80F0140D29E5CEA500D25387 /* ViewModel */,
				80F0140C29E5CE8B00D25387 /* Model */,
			);
			path = SignUp;
			sourceTree = "<group>";
		};
		80F0140C29E5CE8B00D25387 /* Model */ = {
			isa = PBXGroup;
			children = (
				80F0141529E6DFAC00D25387 /* SignUpUIState.swift */,
				8025E5FC29F6BFD300666630 /* SignUpRequest.swift */,
				802743B52A05703100C2EDE9 /* SignUpResponse.swift */,
			);
			path = Model;
			sourceTree = "<group>";
		};
		80F0140D29E5CEA500D25387 /* ViewModel */ = {
			isa = PBXGroup;
			children = (
				80F0141729E6E08B00D25387 /* SignUpViewModel.swift */,
				80F0141929E6E52E00D25387 /* SignUpViewRouter.swift */,
			);
			path = ViewModel;
			sourceTree = "<group>";
		};
		80F0140E29E5CEE400D25387 /* View */ = {
			isa = PBXGroup;
			children = (
				80F0140F29E5CF3800D25387 /* SignUpView.swift */,
			);
			path = View;
			sourceTree = "<group>";
		};
		80F0141129E6051B00D25387 /* Common */ = {
			isa = PBXGroup;
			children = (
				80F93A4F2A45E75100221AC7 /* Util */,
				8025E5F929F1BF0300666630 /* Network */,
				803B0C0129ED83AF001D3762 /* Lang */,
				80F0141B29E83F1B00D25387 /* View */,
				80F0141229E6053400D25387 /* Model */,
			);
			path = Common;
			sourceTree = "<group>";
		};
		80F0141229E6053400D25387 /* Model */ = {
			isa = PBXGroup;
			children = (
				80F0141329E6055700D25387 /* Gender.swift */,
				80B9CB142A019B7600728B1E /* ErrorResponse.swift */,
				802743B32A04336500C2EDE9 /* AppError.swift */,
				802743BC2A09265C00C2EDE9 /* UserAuth.swift */,
			);
			path = Model;
			sourceTree = "<group>";
		};
		80F0141B29E83F1B00D25387 /* View */ = {
			isa = PBXGroup;
			children = (
				802743D32A0D291B00C2EDE9 /* Modifier */,
				80F0141E29E88B7C00D25387 /* Style */,
				80F0141C29E83F5300D25387 /* EditTextView.swift */,
				803B0C0429ED8922001D3762 /* LoadingButtonView.swift */,
				80740CAE2A17BA8900347DFC /* ImageView.swift */,
				80F93A442A3A053300221AC7 /* ImagePickerView.swift */,
				80F93A522A49C6CE00221AC7 /* ProfileEditTextView.swift */,
			);
			path = View;
			sourceTree = "<group>";
		};
		80F0141E29E88B7C00D25387 /* Style */ = {
			isa = PBXGroup;
			children = (
				80F0141F29E88BC900D25387 /* CustomTextFieldStyle.swift */,
			);
			path = Style;
			sourceTree = "<group>";
		};
		80F93A3A2A389B3F00221AC7 /* HabitCreate */ = {
			isa = PBXGroup;
			children = (
				80F93A482A3B942C00221AC7 /* Interactor */,
				80F93A3D2A389B9500221AC7 /* View */,
				80F93A3C2A389B8300221AC7 /* ViewModel */,
				80F93A3B2A389B6E00221AC7 /* Model */,
			);
			path = HabitCreate;
			sourceTree = "<group>";
		};
		80F93A3B2A389B6E00221AC7 /* Model */ = {
			isa = PBXGroup;
			children = (
				80F93A462A3B939D00221AC7 /* HabitCreateRequest.swift */,
			);
			path = Model;
			sourceTree = "<group>";
		};
		80F93A3C2A389B8300221AC7 /* ViewModel */ = {
			isa = PBXGroup;
			children = (
				80F93A402A38A1F700221AC7 /* HabitCreateViewModel.swift */,
			);
			path = ViewModel;
			sourceTree = "<group>";
		};
		80F93A3D2A389B9500221AC7 /* View */ = {
			isa = PBXGroup;
			children = (
				80F93A3E2A389BC800221AC7 /* HabitCreateView.swift */,
			);
			path = View;
			sourceTree = "<group>";
		};
		80F93A482A3B942C00221AC7 /* Interactor */ = {
			isa = PBXGroup;
			children = (
				80F93A492A3B948100221AC7 /* HabitCreateRemoteDataSource.swift */,
				80F93A4B2A3B964D00221AC7 /* HabitCreateInteractor.swift */,
			);
			path = Interactor;
			sourceTree = "<group>";
		};
		80F93A4F2A45E75100221AC7 /* Util */ = {
			isa = PBXGroup;
			children = (
				80F93A502A45E77000221AC7 /* Mask.swift */,
			);
			path = Util;
			sourceTree = "<group>";
		};
		DF55CEA37999355180C69132 /* Frameworks */ = {
			isa = PBXGroup;
			children = (
				41987B63113C7EFE49F23286 /* Pods_Habit.framework */,
			);
			name = Frameworks;
			sourceTree = "<group>";
		};
/* End PBXGroup section */

/* Begin PBXNativeTarget section */
		8079FD4C29DB5B81002D26ED /* Habit */ = {
			isa = PBXNativeTarget;
			buildConfigurationList = 8079FD5B29DB5B83002D26ED /* Build configuration list for PBXNativeTarget "Habit" */;
			buildPhases = (
				3777911B293AF7C14FC705AD /* [CP] Check Pods Manifest.lock */,
				8079FD4929DB5B81002D26ED /* Sources */,
				8079FD4A29DB5B81002D26ED /* Frameworks */,
				8079FD4B29DB5B81002D26ED /* Resources */,
				9446995F5B6E62E5BAB97124 /* [CP] Embed Pods Frameworks */,
			);
			buildRules = (
			);
			dependencies = (
			);
			name = Habit;
			productName = Habit;
			productReference = 8079FD4D29DB5B81002D26ED /* Habit.app */;
			productType = "com.apple.product-type.application";
		};
/* End PBXNativeTarget section */

/* Begin PBXProject section */
		8079FD4529DB5B81002D26ED /* Project object */ = {
			isa = PBXProject;
			attributes = {
				BuildIndependentTargetsInParallel = 1;
				LastSwiftUpdateCheck = 1420;
				LastUpgradeCheck = 1420;
				TargetAttributes = {
					8079FD4C29DB5B81002D26ED = {
						CreatedOnToolsVersion = 14.2;
					};
				};
			};
			buildConfigurationList = 8079FD4829DB5B81002D26ED /* Build configuration list for PBXProject "Habit" */;
			compatibilityVersion = "Xcode 14.0";
			developmentRegion = en;
			hasScannedForEncodings = 0;
			knownRegions = (
				en,
				Base,
			);
			mainGroup = 8079FD4429DB5B81002D26ED;
			productRefGroup = 8079FD4E29DB5B81002D26ED /* Products */;
			projectDirPath = "";
			projectRoot = "";
			targets = (
				8079FD4C29DB5B81002D26ED /* Habit */,
			);
		};
/* End PBXProject section */

/* Begin PBXResourcesBuildPhase section */
		8079FD4B29DB5B81002D26ED /* Resources */ = {
			isa = PBXResourcesBuildPhase;
			buildActionMask = 2147483647;
			files = (
				8079FD5829DB5B83002D26ED /* Preview Assets.xcassets in Resources */,
				8079FD5529DB5B83002D26ED /* Assets.xcassets in Resources */,
			);
			runOnlyForDeploymentPostprocessing = 0;
		};
/* End PBXResourcesBuildPhase section */

/* Begin PBXShellScriptBuildPhase section */
		3777911B293AF7C14FC705AD /* [CP] Check Pods Manifest.lock */ = {
			isa = PBXShellScriptBuildPhase;
			buildActionMask = 2147483647;
			files = (
			);
			inputFileListPaths = (
			);
			inputPaths = (
				"${PODS_PODFILE_DIR_PATH}/Podfile.lock",
				"${PODS_ROOT}/Manifest.lock",
			);
			name = "[CP] Check Pods Manifest.lock";
			outputFileListPaths = (
			);
			outputPaths = (
				"$(DERIVED_FILE_DIR)/Pods-Habit-checkManifestLockResult.txt",
			);
			runOnlyForDeploymentPostprocessing = 0;
			shellPath = /bin/sh;
			shellScript = "diff \"${PODS_PODFILE_DIR_PATH}/Podfile.lock\" \"${PODS_ROOT}/Manifest.lock\" > /dev/null\nif [ $? != 0 ] ; then\n    # print error to STDERR\n    echo \"error: The sandbox is not in sync with the Podfile.lock. Run 'pod install' or update your CocoaPods installation.\" >&2\n    exit 1\nfi\n# This output is used by Xcode 'outputs' to avoid re-running this script phase.\necho \"SUCCESS\" > \"${SCRIPT_OUTPUT_FILE_0}\"\n";
			showEnvVarsInLog = 0;
		};
		9446995F5B6E62E5BAB97124 /* [CP] Embed Pods Frameworks */ = {
			isa = PBXShellScriptBuildPhase;
			buildActionMask = 2147483647;
			files = (
			);
			inputFileListPaths = (
				"${PODS_ROOT}/Target Support Files/Pods-Habit/Pods-Habit-frameworks-${CONFIGURATION}-input-files.xcfilelist",
			);
			name = "[CP] Embed Pods Frameworks";
			outputFileListPaths = (
				"${PODS_ROOT}/Target Support Files/Pods-Habit/Pods-Habit-frameworks-${CONFIGURATION}-output-files.xcfilelist",
			);
			runOnlyForDeploymentPostprocessing = 0;
			shellPath = /bin/sh;
			shellScript = "\"${PODS_ROOT}/Target Support Files/Pods-Habit/Pods-Habit-frameworks.sh\"\n";
			showEnvVarsInLog = 0;
		};
/* End PBXShellScriptBuildPhase section */

/* Begin PBXSourcesBuildPhase section */
		8079FD4929DB5B81002D26ED /* Sources */ = {
			isa = PBXSourcesBuildPhase;
			buildActionMask = 2147483647;
			files = (
				8079FD6429DB60CA002D26ED /* SplashUIState.swift in Sources */,
				802743D22A0BD77C00C2EDE9 /* HabitUIState.swift in Sources */,
				80F93A412A38A1F700221AC7 /* HabitCreateViewModel.swift in Sources */,
				80F93A512A45E77000221AC7 /* Mask.swift in Sources */,
				802743B42A04336600C2EDE9 /* AppError.swift in Sources */,
				80F0140A29E5A5C100D25387 /* HomeViewModel.swift in Sources */,
				802743C62A0A873F00C2EDE9 /* SplashRemoteDataSource.swift in Sources */,
				80740CA32A12EC3E00347DFC /* HabitDetailView.swift in Sources */,
				80740CA62A13C70C00347DFC /* HabitCardViewRouter.swift in Sources */,
				80F93A3F2A389BC800221AC7 /* HabitCreateView.swift in Sources */,
				802743B22A03E8B200C2EDE9 /* SignInRemoteDataSource.swift in Sources */,
				80740CBB2A24E61D00347DFC /* ProfileResponse.swift in Sources */,
				802743BB2A05884D00C2EDE9 /* SignUpRemoteDataSource.swift in Sources */,
				8079FD5129DB5B81002D26ED /* HabitApp.swift in Sources */,
				8028AF4C2A33A5D200767CDD /* HabitValueResponse.swift in Sources */,
				80740CA12A12EA9900347DFC /* HabitDetailViewModel.swift in Sources */,
				803B0C0529ED8922001D3762 /* LoadingButtonView.swift in Sources */,
				80B9CB1B2A02E91A00728B1E /* SignInErrorResponse.swift in Sources */,
				8028AF532A33AF3700767CDD /* ChartUIState.swift in Sources */,
				80740CAD2A14081500347DFC /* HabitDetailInteractor.swift in Sources */,
				80740CB92A1E3B2200347DFC /* ProfileViewModel.swift in Sources */,
				802743BF2A09283300C2EDE9 /* LocalDataSource.swift in Sources */,
				803B0C0329ED841C001D3762 /* String+Extension.swift in Sources */,
				80740CB52A1CECDA00347DFC /* ProfileView.swift in Sources */,
				802743BD2A09265C00C2EDE9 /* UserAuth.swift in Sources */,
				80B9CB172A02B2A200728B1E /* SignInRequest.swift in Sources */,
				80F0141A29E6E52E00D25387 /* SignUpViewRouter.swift in Sources */,
				80F93A532A49C6CE00221AC7 /* ProfileEditTextView.swift in Sources */,
				8079FD7029DF22BC002D26ED /* SignInViewModel.swift in Sources */,
				80F0141029E5CF3800D25387 /* SignUpView.swift in Sources */,
				80F0140829E5A58600D25387 /* HomeView.swift in Sources */,
				802743B02A03E48700C2EDE9 /* SignInInteractor.swift in Sources */,
				80F93A432A38B1C500221AC7 /* HabitViewRouter.swift in Sources */,
				8025E5FB29F1BF4600666630 /* WebService.swift in Sources */,
				80F0140229E5A43700D25387 /* SignInViewRouter.swift in Sources */,
				8028AF512A33ADD500767CDD /* ChartInteractor.swift in Sources */,
				80F93A452A3A053300221AC7 /* ImagePickerView.swift in Sources */,
				80F0141829E6E08B00D25387 /* SignUpViewModel.swift in Sources */,
				80740CC22A24EAF400347DFC /* ProfileUIState.swift in Sources */,
				80F0141629E6DFAC00D25387 /* SignUpUIState.swift in Sources */,
				80740C992A12B4F600347DFC /* Date + Extension.swift in Sources */,
				80F93A4A2A3B948100221AC7 /* HabitCreateRemoteDataSource.swift in Sources */,
				802743D92A0D60A100C2EDE9 /* HabitCardView.swift in Sources */,
				8079FD6229DB5DCE002D26ED /* SplashView.swift in Sources */,
				80740CA82A1403D800347DFC /* HabitValueRequest.swift in Sources */,
				80740C972A12A6FF00347DFC /* HabitInteractor.swift in Sources */,
				802743C22A09842400C2EDE9 /* SplashInteractor.swift in Sources */,
				80B9CB152A019B7600728B1E /* ErrorResponse.swift in Sources */,
				80740C9F2A12E9C600347DFC /* HabitDetailUIState.swift in Sources */,
				80740C952A126E5700347DFC /* HabitRemoteDataSource.swift in Sources */,
				80F0141429E6055700D25387 /* Gender.swift in Sources */,
				80740CC42A2511F300347DFC /* ProfileRequest.swift in Sources */,
				802743D52A0D294200C2EDE9 /* ButtonStyle.swift in Sources */,
				80F93A4C2A3B964D00221AC7 /* HabitCreateInteractor.swift in Sources */,
				8079FD6729DC8F78002D26ED /* SplashViewModel.swift in Sources */,
				80740CBE2A24E72000347DFC /* ProfileRemoteDataSource.swift in Sources */,
				80F93A472A3B939D00221AC7 /* HabitCreateRequest.swift in Sources */,
				802743D02A0BD56F00C2EDE9 /* HabitViewModel.swift in Sources */,
				80740CC02A24E96800347DFC /* ProfileInteractor.swift in Sources */,
				80740CAF2A17BA8900347DFC /* ImageView.swift in Sources */,
				802743CE2A0BD51300C2EDE9 /* HabitView.swift in Sources */,
				80F0140029E58E6B00D25387 /* SignInUIState.swift in Sources */,
				802743C42A0A800600C2EDE9 /* RefreshRequest.swift in Sources */,
				80F248202A2794B40070CC87 /* BoxChartView.swift in Sources */,
				80F0142029E88BC900D25387 /* CustomTextFieldStyle.swift in Sources */,
				802743B92A05874000C2EDE9 /* SignUpInteractor.swift in Sources */,
				80740CCA2A262A0200347DFC /* ChartView.swift in Sources */,
				80F0141D29E83F5300D25387 /* EditTextView.swift in Sources */,
				802743C82A0BD42700C2EDE9 /* HomeViewRouter.swift in Sources */,
				8028AF4F2A33A7A200767CDD /* ChartRemoteDataSource.swift in Sources */,
				80740CAB2A14048C00347DFC /* HabitDetailRemoteDataSource.swift in Sources */,
				80F2481E2A27926C0070CC87 /* ChartViewModel.swift in Sources */,
				8025E5FD29F6BFD300666630 /* SignUpRequest.swift in Sources */,
				802743D72A0D5E3300C2EDE9 /* HabitCardViewModel.swift in Sources */,
				80740CB72A1D041D00347DFC /* GenderSelectorView.swift in Sources */,
				80740C922A126A3600347DFC /* HabitResponse.swift in Sources */,
				8079FD7229DF286C002D26ED /* SplashViewRouter.swift in Sources */,
				80B9CB192A02BD1400728B1E /* SignInResponse.swift in Sources */,
				802743B62A05703100C2EDE9 /* SignUpResponse.swift in Sources */,
				8079FD6E29DF2181002D26ED /* SignInView.swift in Sources */,
			);
			runOnlyForDeploymentPostprocessing = 0;
		};
/* End PBXSourcesBuildPhase section */

/* Begin XCBuildConfiguration section */
		8079FD5929DB5B83002D26ED /* Debug */ = {
			isa = XCBuildConfiguration;
			buildSettings = {
				ALWAYS_SEARCH_USER_PATHS = NO;
				CLANG_ANALYZER_NONNULL = YES;
				CLANG_ANALYZER_NUMBER_OBJECT_CONVERSION = YES_AGGRESSIVE;
				CLANG_CXX_LANGUAGE_STANDARD = "gnu++20";
				CLANG_ENABLE_MODULES = YES;
				CLANG_ENABLE_OBJC_ARC = YES;
				CLANG_ENABLE_OBJC_WEAK = YES;
				CLANG_WARN_BLOCK_CAPTURE_AUTORELEASING = YES;
				CLANG_WARN_BOOL_CONVERSION = YES;
				CLANG_WARN_COMMA = YES;
				CLANG_WARN_CONSTANT_CONVERSION = YES;
				CLANG_WARN_DEPRECATED_OBJC_IMPLEMENTATIONS = YES;
				CLANG_WARN_DIRECT_OBJC_ISA_USAGE = YES_ERROR;
				CLANG_WARN_DOCUMENTATION_COMMENTS = YES;
				CLANG_WARN_EMPTY_BODY = YES;
				CLANG_WARN_ENUM_CONVERSION = YES;
				CLANG_WARN_INFINITE_RECURSION = YES;
				CLANG_WARN_INT_CONVERSION = YES;
				CLANG_WARN_NON_LITERAL_NULL_CONVERSION = YES;
				CLANG_WARN_OBJC_IMPLICIT_RETAIN_SELF = YES;
				CLANG_WARN_OBJC_LITERAL_CONVERSION = YES;
				CLANG_WARN_OBJC_ROOT_CLASS = YES_ERROR;
				CLANG_WARN_QUOTED_INCLUDE_IN_FRAMEWORK_HEADER = YES;
				CLANG_WARN_RANGE_LOOP_ANALYSIS = YES;
				CLANG_WARN_STRICT_PROTOTYPES = YES;
				CLANG_WARN_SUSPICIOUS_MOVE = YES;
				CLANG_WARN_UNGUARDED_AVAILABILITY = YES_AGGRESSIVE;
				CLANG_WARN_UNREACHABLE_CODE = YES;
				CLANG_WARN__DUPLICATE_METHOD_MATCH = YES;
				COPY_PHASE_STRIP = NO;
				DEBUG_INFORMATION_FORMAT = dwarf;
				ENABLE_STRICT_OBJC_MSGSEND = YES;
				ENABLE_TESTABILITY = YES;
				GCC_C_LANGUAGE_STANDARD = gnu11;
				GCC_DYNAMIC_NO_PIC = NO;
				GCC_NO_COMMON_BLOCKS = YES;
				GCC_OPTIMIZATION_LEVEL = 0;
				GCC_PREPROCESSOR_DEFINITIONS = (
					"DEBUG=1",
					"$(inherited)",
				);
				GCC_WARN_64_TO_32_BIT_CONVERSION = YES;
				GCC_WARN_ABOUT_RETURN_TYPE = YES_ERROR;
				GCC_WARN_UNDECLARED_SELECTOR = YES;
				GCC_WARN_UNINITIALIZED_AUTOS = YES_AGGRESSIVE;
				GCC_WARN_UNUSED_FUNCTION = YES;
				GCC_WARN_UNUSED_VARIABLE = YES;
				IPHONEOS_DEPLOYMENT_TARGET = 16.2;
				MTL_ENABLE_DEBUG_INFO = INCLUDE_SOURCE;
				MTL_FAST_MATH = YES;
				ONLY_ACTIVE_ARCH = YES;
				SDKROOT = iphoneos;
				SWIFT_ACTIVE_COMPILATION_CONDITIONS = DEBUG;
				SWIFT_OPTIMIZATION_LEVEL = "-Onone";
			};
			name = Debug;
		};
		8079FD5A29DB5B83002D26ED /* Release */ = {
			isa = XCBuildConfiguration;
			buildSettings = {
				ALWAYS_SEARCH_USER_PATHS = NO;
				CLANG_ANALYZER_NONNULL = YES;
				CLANG_ANALYZER_NUMBER_OBJECT_CONVERSION = YES_AGGRESSIVE;
				CLANG_CXX_LANGUAGE_STANDARD = "gnu++20";
				CLANG_ENABLE_MODULES = YES;
				CLANG_ENABLE_OBJC_ARC = YES;
				CLANG_ENABLE_OBJC_WEAK = YES;
				CLANG_WARN_BLOCK_CAPTURE_AUTORELEASING = YES;
				CLANG_WARN_BOOL_CONVERSION = YES;
				CLANG_WARN_COMMA = YES;
				CLANG_WARN_CONSTANT_CONVERSION = YES;
				CLANG_WARN_DEPRECATED_OBJC_IMPLEMENTATIONS = YES;
				CLANG_WARN_DIRECT_OBJC_ISA_USAGE = YES_ERROR;
				CLANG_WARN_DOCUMENTATION_COMMENTS = YES;
				CLANG_WARN_EMPTY_BODY = YES;
				CLANG_WARN_ENUM_CONVERSION = YES;
				CLANG_WARN_INFINITE_RECURSION = YES;
				CLANG_WARN_INT_CONVERSION = YES;
				CLANG_WARN_NON_LITERAL_NULL_CONVERSION = YES;
				CLANG_WARN_OBJC_IMPLICIT_RETAIN_SELF = YES;
				CLANG_WARN_OBJC_LITERAL_CONVERSION = YES;
				CLANG_WARN_OBJC_ROOT_CLASS = YES_ERROR;
				CLANG_WARN_QUOTED_INCLUDE_IN_FRAMEWORK_HEADER = YES;
				CLANG_WARN_RANGE_LOOP_ANALYSIS = YES;
				CLANG_WARN_STRICT_PROTOTYPES = YES;
				CLANG_WARN_SUSPICIOUS_MOVE = YES;
				CLANG_WARN_UNGUARDED_AVAILABILITY = YES_AGGRESSIVE;
				CLANG_WARN_UNREACHABLE_CODE = YES;
				CLANG_WARN__DUPLICATE_METHOD_MATCH = YES;
				COPY_PHASE_STRIP = NO;
				DEBUG_INFORMATION_FORMAT = "dwarf-with-dsym";
				ENABLE_NS_ASSERTIONS = NO;
				ENABLE_STRICT_OBJC_MSGSEND = YES;
				GCC_C_LANGUAGE_STANDARD = gnu11;
				GCC_NO_COMMON_BLOCKS = YES;
				GCC_WARN_64_TO_32_BIT_CONVERSION = YES;
				GCC_WARN_ABOUT_RETURN_TYPE = YES_ERROR;
				GCC_WARN_UNDECLARED_SELECTOR = YES;
				GCC_WARN_UNINITIALIZED_AUTOS = YES_AGGRESSIVE;
				GCC_WARN_UNUSED_FUNCTION = YES;
				GCC_WARN_UNUSED_VARIABLE = YES;
				IPHONEOS_DEPLOYMENT_TARGET = 16.2;
				MTL_ENABLE_DEBUG_INFO = NO;
				MTL_FAST_MATH = YES;
				SDKROOT = iphoneos;
				SWIFT_COMPILATION_MODE = wholemodule;
				SWIFT_OPTIMIZATION_LEVEL = "-O";
				VALIDATE_PRODUCT = YES;
			};
			name = Release;
		};
		8079FD5C29DB5B83002D26ED /* Debug */ = {
			isa = XCBuildConfiguration;
			baseConfigurationReference = 0098CEE44BD0616708935D17 /* Pods-Habit.debug.xcconfig */;
			buildSettings = {
				ASSETCATALOG_COMPILER_APPICON_NAME = AppIcon;
				ASSETCATALOG_COMPILER_GLOBAL_ACCENT_COLOR_NAME = AccentColor;
				CODE_SIGN_STYLE = Automatic;
				CURRENT_PROJECT_VERSION = 1;
				DEVELOPMENT_ASSET_PATHS = "\"Habit/Preview Content\"";
				DEVELOPMENT_TEAM = ZS4D26HGPK;
				ENABLE_PREVIEWS = YES;
				GENERATE_INFOPLIST_FILE = YES;
				INFOPLIST_FILE = Habit/Info.plist;
				INFOPLIST_KEY_NSCalendarsUsageDescription = "";
				INFOPLIST_KEY_NSCameraUsageDescription = "";
				INFOPLIST_KEY_UIApplicationSceneManifest_Generation = YES;
				INFOPLIST_KEY_UIApplicationSupportsIndirectInputEvents = YES;
				INFOPLIST_KEY_UILaunchScreen_Generation = YES;
				INFOPLIST_KEY_UISupportedInterfaceOrientations_iPad = "UIInterfaceOrientationPortrait UIInterfaceOrientationPortraitUpsideDown UIInterfaceOrientationLandscapeLeft UIInterfaceOrientationLandscapeRight";
				INFOPLIST_KEY_UISupportedInterfaceOrientations_iPhone = "UIInterfaceOrientationPortrait UIInterfaceOrientationLandscapeLeft UIInterfaceOrientationLandscapeRight";
				IPHONEOS_DEPLOYMENT_TARGET = 14.0;
				LD_RUNPATH_SEARCH_PATHS = (
					"$(inherited)",
					"@executable_path/Frameworks",
				);
				MARKETING_VERSION = 1.0;
				PRODUCT_BUNDLE_IDENTIFIER = "Lucas-Constante.Habit";
				PRODUCT_NAME = "$(TARGET_NAME)";
				SWIFT_EMIT_LOC_STRINGS = YES;
				SWIFT_VERSION = 5.0;
				TARGETED_DEVICE_FAMILY = "1,2";
			};
			name = Debug;
		};
		8079FD5D29DB5B83002D26ED /* Release */ = {
			isa = XCBuildConfiguration;
			baseConfigurationReference = FC038357DCC7CAC8F1AAAC82 /* Pods-Habit.release.xcconfig */;
			buildSettings = {
				ASSETCATALOG_COMPILER_APPICON_NAME = AppIcon;
				ASSETCATALOG_COMPILER_GLOBAL_ACCENT_COLOR_NAME = AccentColor;
				CODE_SIGN_STYLE = Automatic;
				CURRENT_PROJECT_VERSION = 1;
				DEVELOPMENT_ASSET_PATHS = "\"Habit/Preview Content\"";
				DEVELOPMENT_TEAM = ZS4D26HGPK;
				ENABLE_PREVIEWS = YES;
				GENERATE_INFOPLIST_FILE = YES;
				INFOPLIST_FILE = Habit/Info.plist;
				INFOPLIST_KEY_NSCalendarsUsageDescription = "";
				INFOPLIST_KEY_NSCameraUsageDescription = "";
				INFOPLIST_KEY_UIApplicationSceneManifest_Generation = YES;
				INFOPLIST_KEY_UIApplicationSupportsIndirectInputEvents = YES;
				INFOPLIST_KEY_UILaunchScreen_Generation = YES;
				INFOPLIST_KEY_UISupportedInterfaceOrientations_iPad = "UIInterfaceOrientationPortrait UIInterfaceOrientationPortraitUpsideDown UIInterfaceOrientationLandscapeLeft UIInterfaceOrientationLandscapeRight";
				INFOPLIST_KEY_UISupportedInterfaceOrientations_iPhone = "UIInterfaceOrientationPortrait UIInterfaceOrientationLandscapeLeft UIInterfaceOrientationLandscapeRight";
				IPHONEOS_DEPLOYMENT_TARGET = 14.0;
				LD_RUNPATH_SEARCH_PATHS = (
					"$(inherited)",
					"@executable_path/Frameworks",
				);
				MARKETING_VERSION = 1.0;
				PRODUCT_BUNDLE_IDENTIFIER = "Lucas-Constante.Habit";
				PRODUCT_NAME = "$(TARGET_NAME)";
				SWIFT_EMIT_LOC_STRINGS = YES;
				SWIFT_VERSION = 5.0;
				TARGETED_DEVICE_FAMILY = "1,2";
			};
			name = Release;
		};
/* End XCBuildConfiguration section */

/* Begin XCConfigurationList section */
		8079FD4829DB5B81002D26ED /* Build configuration list for PBXProject "Habit" */ = {
			isa = XCConfigurationList;
			buildConfigurations = (
				8079FD5929DB5B83002D26ED /* Debug */,
				8079FD5A29DB5B83002D26ED /* Release */,
			);
			defaultConfigurationIsVisible = 0;
			defaultConfigurationName = Release;
		};
		8079FD5B29DB5B83002D26ED /* Build configuration list for PBXNativeTarget "Habit" */ = {
			isa = XCConfigurationList;
			buildConfigurations = (
				8079FD5C29DB5B83002D26ED /* Debug */,
				8079FD5D29DB5B83002D26ED /* Release */,
			);
			defaultConfigurationIsVisible = 0;
			defaultConfigurationName = Release;
		};
/* End XCConfigurationList section */
	};
	rootObject = 8079FD4529DB5B81002D26ED /* Project object */;
}
